PODS:
  - MotionTagSDK (2.2.0)

DEPENDENCIES:
  - MotionTagSDK (from `https://gitlab.com/motiontag-dist/tracker-library-ios.git`, tag `v/2.2.0`)

EXTERNAL SOURCES:
  MotionTagSDK:
    :git: https://gitlab.com/motiontag-dist/tracker-library-ios.git
    :tag: v/2.2.0

CHECKOUT OPTIONS:
  MotionTagSDK:
    :git: https://gitlab.com/motiontag-dist/tracker-library-ios.git
    :tag: v/2.2.0

SPEC CHECKSUMS:
  MotionTagSDK: 8afa1bea897287903cd763a3a36caab84a3c49a6

PODFILE CHECKSUM: 9b005df1e846bc2ad9bb82b0e7fe12928d58cdfd

COCOAPODS: 1.10.0
