PODS:
  - MotionTagSDK (4.2.0)

DEPENDENCIES:
  - MotionTagSDK (from `https://github.com/MOTIONTAG/motiontag-sdk-ios-releases.git`, tag `v/4.2.0`)

EXTERNAL SOURCES:
  MotionTagSDK:
    :git: https://github.com/MOTIONTAG/motiontag-sdk-ios-releases.git
    :tag: v/4.2.0

CHECKOUT OPTIONS:
  MotionTagSDK:
    :git: https://github.com/MOTIONTAG/motiontag-sdk-ios-releases.git
    :tag: v/4.2.0

SPEC CHECKSUMS:
  MotionTagSDK: a22c4172ab06b8337d6a373cc0af64531ea1b6f4

PODFILE CHECKSUM: 794617ecf3bcac427b5e13402043c6be8ee8342c

COCOAPODS: 1.11.2
