PODS:
  - MotionTagSDK (3.1.0)

DEPENDENCIES:
  - MotionTagSDK (from `https://github.com/MOTIONTAG/motiontag-sdk-ios-releases.git`, tag `v/3.1.0`)

EXTERNAL SOURCES:
  MotionTagSDK:
    :git: https://github.com/MOTIONTAG/motiontag-sdk-ios-releases.git
    :tag: v/3.1.0

CHECKOUT OPTIONS:
  MotionTagSDK:
    :git: https://github.com/MOTIONTAG/motiontag-sdk-ios-releases.git
    :tag: v/3.1.0

SPEC CHECKSUMS:
  MotionTagSDK: 1d4f7817dc14d89471eec0c92e304678fec901ab

PODFILE CHECKSUM: 9402ba795d69235c14521d7db239475ce3cda05a

COCOAPODS: 1.10.1
