{
  "originHash" : "8b3cfb969006b6316ae41b917edf5f38985af65938b94abe5e9ea7888951e25e",
  "pins" : [
    {
      "identity" : "motiontag-sdk-ios-releases",
      "kind" : "remoteSourceControl",
      "location" : "https://github.com/MOTIONTAG/motiontag-sdk-ios-releases",
      "state" : {
        "revision" : "ff9081b2e137434b12926d8d283f35739e070afb",
        "version" : "6.5.0"
      }
    }
  ],
  "version" : 3
}
